
Microsoft Visual Studio Solution File, Format Version 12.00
# Visual Studio Version 17
VisualStudioVersion = 17.6.33712.159
MinimumVisualStudioVersion = 10.0.40219.1
Project("{FAE04EC0-301F-11D3-BF4B-00C04F79EFBC}") = "D365Assessment", "D365Assessment\D365Assessment.csproj", "{BA5D365D-7201-4707-B180-9C4D559C2DA1}"
EndProject
Project("{FAE04EC0-301F-11D3-BF4B-00C04F79EFBC}") = "D365Assessment.Test", "D365Assessment.Test\D365Assessment.Test.csproj", "{A4BF548C-1A59-43AC-9B62-BEFEE322072E}"
EndProject
Global
	GlobalSection(SolutionConfigurationPlatforms) = preSolution
		Debug|Any CPU = Debug|Any CPU
		Release|Any CPU = Release|Any CPU
	EndGlobalSection
	GlobalSection(ProjectConfigurationPlatforms) = postSolution
		{BA5D365D-7201-4707-B180-9C4D559C2DA1}.Debug|Any CPU.ActiveCfg = Debug|Any CPU
		{BA5D365D-7201-4707-B180-9C4D559C2DA1}.Debug|Any CPU.Build.0 = Debug|Any CPU
		{BA5D365D-7201-4707-B180-9C4D559C2DA1}.Release|Any CPU.ActiveCfg = Release|Any CPU
		{BA5D365D-7201-4707-B180-9C4D559C2DA1}.Release|Any CPU.Build.0 = Release|Any CPU
		{A4BF548C-1A59-43AC-9B62-BEFEE322072E}.Debug|Any CPU.ActiveCfg = Debug|Any CPU
		{A4BF548C-1A59-43AC-9B62-BEFEE322072E}.Debug|Any CPU.Build.0 = Debug|Any CPU
		{A4BF548C-1A59-43AC-9B62-BEFEE322072E}.Release|Any CPU.ActiveCfg = Release|Any CPU
		{A4BF548C-1A59-43AC-9B62-BEFEE322072E}.Release|Any CPU.Build.0 = Release|Any CPU
	EndGlobalSection
	GlobalSection(SolutionProperties) = preSolution
		HideSolutionNode = FALSE
	EndGlobalSection
	GlobalSection(ExtensibilityGlobals) = postSolution
		SolutionGuid = {E1B683E8-EDB7-4412-AF5C-EC76E11D91BE}
	EndGlobalSection
EndGlobal
